{
  "name": "gun_server",
  "version": "1.0.0",
  "lockfileVersion": 1,
  "requires": true,
  "dependencies": {
    "@peculiar/asn1-schema": {
      "version": "1.0.3",
      "resolved": "https://registry.npmjs.org/@peculiar/asn1-schema/-/asn1-schema-1.0.3.tgz",
      "integrity": "sha512-Tfgj9eNJ6cTKEtEuidKenLHMx/Q5M8KEE9hnohHqvdpqHJXWYr5RlT3GjAHPjGXy5+mr7sSfuXfzE6aAkEGN7A==",
      "optional": true,
      "requires": {
        "asn1js": "^2.0.22",
        "tslib": "^1.9.3"
      }
    },
    "@peculiar/json-schema": {
      "version": "1.1.9",
      "resolved": "https://registry.npmjs.org/@peculiar/json-schema/-/json-schema-1.1.9.tgz",
      "integrity": "sha512-F2ST2y/IQPgY+1QMw1Q33sqJbGDCeO3lGqI69SL3Hgo0++7iHqprUB1QyxB/A7bN3tuM65MBxoM2JLbwh42lsQ==",
      "optional": true,
      "requires": {
        "tslib": "^1.10.0"
      }
    },
    "@peculiar/webcrypto": {
      "version": "1.0.22",
      "resolved": "https://registry.npmjs.org/@peculiar/webcrypto/-/webcrypto-1.0.22.tgz",
      "integrity": "sha512-NP6H6ZGXUvJnQJCWzUgnRcQv+9nMCNwLUDhTwOxRUwPFvtHauMOl0oPTKUjbhInCMaE55gJqB4yc0YKbde6Exw==",
      "optional": true,
      "requires": {
        "@peculiar/asn1-schema": "^1.0.3",
        "@peculiar/json-schema": "^1.1.6",
        "asn1js": "^2.0.26",
        "pvtsutils": "^1.0.9",
        "tslib": "^1.10.0",
        "webcrypto-core": "^1.0.17"
      }
    },
    "addressparser": {
      "version": "0.3.2",
      "resolved": "https://registry.npmjs.org/addressparser/-/addressparser-0.3.2.tgz",
      "integrity": "sha1-WYc/Nej89sc2HBAjkmHXbhU0i7I=",
      "optional": true
    },
    "asn1js": {
      "version": "2.0.26",
      "resolved": "https://registry.npmjs.org/asn1js/-/asn1js-2.0.26.tgz",
      "integrity": "sha512-yG89F0j9B4B0MKIcFyWWxnpZPLaNTjCj4tkE3fjbAoo0qmpGw0PYYqSbX/4ebnd9Icn8ZgK4K1fvDyEtW1JYtQ==",
      "optional": true,
      "requires": {
        "pvutils": "^1.0.17"
      },
      "dependencies": {
        "pvutils": {
          "version": "1.0.17",
          "resolved": "https://registry.npmjs.org/pvutils/-/pvutils-1.0.17.tgz",
          "integrity": "sha512-wLHYUQxWaXVQvKnwIDWFVKDJku9XDCvyhhxoq8dc5MFdIlRenyPI9eSfEtcvgHgD7FlvCyGAlWgOzRnZD99GZQ==",
          "optional": true
        }
      }
    },
    "async-limiter": {
      "version": "1.0.1",
      "resolved": "https://registry.npmjs.org/async-limiter/-/async-limiter-1.0.1.tgz",
      "integrity": "sha512-csOlWGAcRFJaI6m+F2WKdnMKr4HhdhFVBk0H/QbJFMCr+uO2kwohwXQPxw/9OCxp05r5ghVBFSyioixx3gfkNQ=="
    },
    "debug": {
      "version": "4.1.1",
      "resolved": "https://registry.npmjs.org/debug/-/debug-4.1.1.tgz",
      "integrity": "sha512-pYAIzeRo8J6KPEaJ0VWOh5Pzkbw/RetuzehGM7QRRX5he4fPHx2rdKMB256ehJCkX+XRQm16eZLqLNS8RSZXZw==",
      "requires": {
        "ms": "^2.1.1"
      }
    },
    "emailjs": {
      "version": "2.2.0",
      "resolved": "https://registry.npmjs.org/emailjs/-/emailjs-2.2.0.tgz",
      "integrity": "sha1-ulsj5KSwpFEPZS6HOxVOlAe2ygM=",
      "optional": true,
      "requires": {
        "addressparser": "^0.3.2",
        "emailjs-mime-codec": "^2.0.7"
      }
    },
    "emailjs-base64": {
      "version": "1.1.4",
      "resolved": "https://registry.npmjs.org/emailjs-base64/-/emailjs-base64-1.1.4.tgz",
      "integrity": "sha512-4h0xp1jgVTnIQBHxSJWXWanNnmuc5o+k4aHEpcLXSToN8asjB5qbXAexs7+PEsUKcEyBteNYsSvXUndYT2CGGA==",
      "optional": true
    },
    "emailjs-mime-codec": {
      "version": "2.0.9",
      "resolved": "https://registry.npmjs.org/emailjs-mime-codec/-/emailjs-mime-codec-2.0.9.tgz",
      "integrity": "sha512-7qJo4pFGcKlWh/kCeNjmcgj34YoJWY0ekZXEHYtluWg4MVBnXqGM4CRMtZQkfYwitOhUgaKN5EQktJddi/YIDQ==",
      "optional": true,
      "requires": {
        "emailjs-base64": "^1.1.4",
        "ramda": "^0.26.1",
        "text-encoding": "^0.7.0"
      }
    },
    "gun": {
      "version": "0.2019.1228",
      "resolved": "https://registry.npmjs.org/gun/-/gun-0.2019.1228.tgz",
      "integrity": "sha512-rPwayPk5iYXWHZg3ftYYESzHec7eTguIFBMjR2ZtfLp6DX6WLDMUOSwzaPBFhEzLZ/Qvqg1G3hviO7tTMbnjHg==",
      "requires": {
        "@peculiar/webcrypto": "^1.0.19",
        "emailjs": "^2.2.0",
        "text-encoding": "^0.7.0",
        "ws": "~>7.1.0"
      },
      "dependencies": {
        "ws": {
          "version": "7.1.2",
          "resolved": "https://registry.npmjs.org/ws/-/ws-7.1.2.tgz",
          "integrity": "sha512-gftXq3XI81cJCgkUiAVixA0raD9IVmXqsylCrjRygw4+UOOGzPoxnQ6r/CnVL9i+mDncJo94tSkyrtuuQVBmrg==",
          "requires": {
            "async-limiter": "^1.0.0"
          }
        }
      }
    },
    "hashids": {
      "version": "2.2.1",
      "resolved": "https://registry.npmjs.org/hashids/-/hashids-2.2.1.tgz",
      "integrity": "sha512-+hQeKWwpSDiWFeu/3jKUvwboE4Z035gR6FnpscbHPOEEjCbgv2px9/Mlb3O0nOTRyZOw4MMFRYfVL3zctOV6OQ=="
    },
    "ms": {
      "version": "2.1.2",
      "resolved": "https://registry.npmjs.org/ms/-/ms-2.1.2.tgz",
      "integrity": "sha512-sGkPx+VjMtmA6MX27oA4FBFELFCZZ4S4XqeGOXCv68tT+jb3vk/RyaKWP0PTKyWtmLSM0b+adUTEvbs1PEaH2w=="
    },
    "pvtsutils": {
      "version": "1.0.9",
      "resolved": "https://registry.npmjs.org/pvtsutils/-/pvtsutils-1.0.9.tgz",
      "integrity": "sha512-/kDsuCKPqJuIzn37w6+iN+TiSrN+zrwPEd7FjT61oNbRvceGdsS94fMEWZ4/h6QZU5EZhBMiV+79IYedroP/Yw==",
      "optional": true,
      "requires": {
        "tslib": "^1.10.0"
      }
    },
    "ramda": {
      "version": "0.26.1",
      "resolved": "https://registry.npmjs.org/ramda/-/ramda-0.26.1.tgz",
      "integrity": "sha512-hLWjpy7EnsDBb0p+Z3B7rPi3GDeRG5ZtiI33kJhTt+ORCd38AbAIjB/9zRIUoeTbE/AVX5ZkU7m6bznsvrf8eQ==",
      "optional": true
    },
    "text-encoding": {
      "version": "0.7.0",
      "resolved": "https://registry.npmjs.org/text-encoding/-/text-encoding-0.7.0.tgz",
      "integrity": "sha512-oJQ3f1hrOnbRLOcwKz0Liq2IcrvDeZRHXhd9RgLrsT+DjWY/nty1Hi7v3dtkaEYbPYe0mUoOfzRrMwfXXwgPUA==",
      "optional": true
    },
    "tslib": {
      "version": "1.10.0",
      "resolved": "https://registry.npmjs.org/tslib/-/tslib-1.10.0.tgz",
      "integrity": "sha512-qOebF53frne81cf0S9B41ByenJ3/IuH8yJKngAX35CmiZySA0khhkovshKK+jGCaMnVomla7gVlIcc3EvKPbTQ==",
      "optional": true
    },
    "webcrypto-core": {
      "version": "1.0.17",
      "resolved": "https://registry.npmjs.org/webcrypto-core/-/webcrypto-core-1.0.17.tgz",
      "integrity": "sha512-7jxTLgtM+TahBPErx/Dd2XvxFDfWJrHxjVeTSvIa4LSgiYrmCPlC2INiAMAfb8MbtHiwJKKqF5sPS0AWNjBbXw==",
      "optional": true,
      "requires": {
        "pvtsutils": "^1.0.9",
        "tslib": "^1.10.0"
      }
    }
  }
}
